// !$*UTF8*$!
{
	archiveVersion = 1;
	classes = {
	};
	objectVersion = 52;
	objects = {

/* Begin PBXBuildFile section */
		AE13B0412534CDC000B0986F /* logotypejp_mp_b_1.1.ttf in Resources */ = {isa = PBXBuildFile; fileRef = AE13B0402534CDC000B0986F /* logotypejp_mp_b_1.1.ttf */; };
		AE13B0452534EDEB00B0986F /* haikei.png in Resources */ = {isa = PBXBuildFile; fileRef = AE13B0442534EDEA00B0986F /* haikei.png */; };
		AE49B1612534A33A00F5C2C9 /* CheckBox.swift in Sources */ = {isa = PBXBuildFile; fileRef = AE49B1602534A33A00F5C2C9 /* CheckBox.swift */; };
		AE51D5FC2521AE2F0081804C /* AppDelegate.swift in Sources */ = {isa = PBXBuildFile; fileRef = AE51D5FB2521AE2F0081804C /* AppDelegate.swift */; };
		AE51D5FE2521AE2F0081804C /* SceneDelegate.swift in Sources */ = {isa = PBXBuildFile; fileRef = AE51D5FD2521AE2F0081804C /* SceneDelegate.swift */; };
		AE51D6002521AE2F0081804C /* ViewController.swift in Sources */ = {isa = PBXBuildFile; fileRef = AE51D5FF2521AE2F0081804C /* ViewController.swift */; };
		AE51D6032521AE300081804C /* Main.storyboard in Resources */ = {isa = PBXBuildFile; fileRef = AE51D6012521AE2F0081804C /* Main.storyboard */; };
		AE51D6052521AE380081804C /* Assets.xcassets in Resources */ = {isa = PBXBuildFile; fileRef = AE51D6042521AE380081804C /* Assets.xcassets */; };
		AE51D6082521AE380081804C /* LaunchScreen.storyboard in Resources */ = {isa = PBXBuildFile; fileRef = AE51D6062521AE380081804C /* LaunchScreen.storyboard */; };
		AE51D6102521AF080081804C /* ListTableViewCell.swift in Sources */ = {isa = PBXBuildFile; fileRef = AE51D60F2521AF080081804C /* ListTableViewCell.swift */; };
		AE51D6122521AF440081804C /* ListTableViewController.swift in Sources */ = {isa = PBXBuildFile; fileRef = AE51D6112521AF440081804C /* ListTableViewController.swift */; };
		AE51D6142521BD550081804C /* AddViewController.swift in Sources */ = {isa = PBXBuildFile; fileRef = AE51D6132521BD540081804C /* AddViewController.swift */; };
		AE51D6162521C3690081804C /* ScheduleViewController.swift in Sources */ = {isa = PBXBuildFile; fileRef = AE51D6152521C3690081804C /* ScheduleViewController.swift */; };
		AE987C672526E21000AE2F60 /* File.swift in Sources */ = {isa = PBXBuildFile; fileRef = AE987C662526E21000AE2F60 /* File.swift */; };
		AE987C6A2528A2DD00AE2F60 /* Realm in Frameworks */ = {isa = PBXBuildFile; productRef = AE987C692528A2DD00AE2F60 /* Realm */; };
		AE987C6C2528A2DD00AE2F60 /* RealmSwift in Frameworks */ = {isa = PBXBuildFile; productRef = AE987C6B2528A2DD00AE2F60 /* RealmSwift */; };
/* End PBXBuildFile section */

/* Begin PBXFileReference section */
		AE13B0402534CDC000B0986F /* logotypejp_mp_b_1.1.ttf */ = {isa = PBXFileReference; lastKnownFileType = file; path = logotypejp_mp_b_1.1.ttf; sourceTree = "<group>"; };
		AE13B0442534EDEA00B0986F /* haikei.png */ = {isa = PBXFileReference; lastKnownFileType = image.png; path = haikei.png; sourceTree = "<group>"; };
		AE49B1602534A33A00F5C2C9 /* CheckBox.swift */ = {isa = PBXFileReference; fileEncoding = 4; lastKnownFileType = sourcecode.swift; path = CheckBox.swift; sourceTree = "<group>"; };
		AE51D5F82521AE2F0081804C /* todoList.app */ = {isa = PBXFileReference; explicitFileType = wrapper.application; includeInIndex = 0; path = todoList.app; sourceTree = BUILT_PRODUCTS_DIR; };
		AE51D5FB2521AE2F0081804C /* AppDelegate.swift */ = {isa = PBXFileReference; lastKnownFileType = sourcecode.swift; path = AppDelegate.swift; sourceTree = "<group>"; };
		AE51D5FD2521AE2F0081804C /* SceneDelegate.swift */ = {isa = PBXFileReference; lastKnownFileType = sourcecode.swift; path = SceneDelegate.swift; sourceTree = "<group>"; };
		AE51D5FF2521AE2F0081804C /* ViewController.swift */ = {isa = PBXFileReference; lastKnownFileType = sourcecode.swift; path = ViewController.swift; sourceTree = "<group>"; };
		AE51D6022521AE2F0081804C /* Base */ = {isa = PBXFileReference; lastKnownFileType = file.storyboard; name = Base; path = Base.lproj/Main.storyboard; sourceTree = "<group>"; };
		AE51D6042521AE380081804C /* Assets.xcassets */ = {isa = PBXFileReference; lastKnownFileType = folder.assetcatalog; path = Assets.xcassets; sourceTree = "<group>"; };
		AE51D6072521AE380081804C /* Base */ = {isa = PBXFileReference; lastKnownFileType = file.storyboard; name = Base; path = Base.lproj/LaunchScreen.storyboard; sourceTree = "<group>"; };
		AE51D6092521AE380081804C /* Info.plist */ = {isa = PBXFileReference; lastKnownFileType = text.plist.xml; path = Info.plist; sourceTree = "<group>"; };
		AE51D60F2521AF080081804C /* ListTableViewCell.swift */ = {isa = PBXFileReference; lastKnownFileType = sourcecode.swift; path = ListTableViewCell.swift; sourceTree = "<group>"; };
		AE51D6112521AF440081804C /* ListTableViewController.swift */ = {isa = PBXFileReference; lastKnownFileType = sourcecode.swift; path = ListTableViewController.swift; sourceTree = "<group>"; };
		AE51D6132521BD540081804C /* AddViewController.swift */ = {isa = PBXFileReference; lastKnownFileType = sourcecode.swift; path = AddViewController.swift; sourceTree = "<group>"; };
		AE51D6152521C3690081804C /* ScheduleViewController.swift */ = {isa = PBXFileReference; lastKnownFileType = sourcecode.swift; path = ScheduleViewController.swift; sourceTree = "<group>"; };
		AE987C662526E21000AE2F60 /* File.swift */ = {isa = PBXFileReference; lastKnownFileType = sourcecode.swift; path = File.swift; sourceTree = "<group>"; };
/* End PBXFileReference section */

/* Begin PBXFrameworksBuildPhase section */
		AE51D5F52521AE2F0081804C /* Frameworks */ = {
			isa = PBXFrameworksBuildPhase;
			buildActionMask = 2147483647;
			files = (
				AE987C6C2528A2DD00AE2F60 /* RealmSwift in Frameworks */,
				AE987C6A2528A2DD00AE2F60 /* Realm in Frameworks */,
			);
			runOnlyForDeploymentPostprocessing = 0;
		};
/* End PBXFrameworksBuildPhase section */

/* Begin PBXGroup section */
		AE51D5EF2521AE2F0081804C = {
			isa = PBXGroup;
			children = (
				AE51D5FA2521AE2F0081804C /* todoList */,
				AE51D5F92521AE2F0081804C /* Products */,
			);
			sourceTree = "<group>";
		};
		AE51D5F92521AE2F0081804C /* Products */ = {
			isa = PBXGroup;
			children = (
				AE51D5F82521AE2F0081804C /* todoList.app */,
			);
			name = Products;
			sourceTree = "<group>";
		};
		AE51D5FA2521AE2F0081804C /* todoList */ = {
			isa = PBXGroup;
			children = (
				AE13B0442534EDEA00B0986F /* haikei.png */,
				AE13B0402534CDC000B0986F /* logotypejp_mp_b_1.1.ttf */,
				AE51D5FB2521AE2F0081804C /* AppDelegate.swift */,
				AE51D5FD2521AE2F0081804C /* SceneDelegate.swift */,
				AE51D6012521AE2F0081804C /* Main.storyboard */,
				AE51D6042521AE380081804C /* Assets.xcassets */,
				AE51D6062521AE380081804C /* LaunchScreen.storyboard */,
				AE51D6092521AE380081804C /* Info.plist */,
				AE51D60F2521AF080081804C /* ListTableViewCell.swift */,
				AE51D6112521AF440081804C /* ListTableViewController.swift */,
				AE51D5FF2521AE2F0081804C /* ViewController.swift */,
				AE51D6132521BD540081804C /* AddViewController.swift */,
				AE51D6152521C3690081804C /* ScheduleViewController.swift */,
				AE987C662526E21000AE2F60 /* File.swift */,
				AE49B1602534A33A00F5C2C9 /* CheckBox.swift */,
			);
			path = todoList;
			sourceTree = "<group>";
		};
/* End PBXGroup section */

/* Begin PBXNativeTarget section */
		AE51D5F72521AE2F0081804C /* todoList */ = {
			isa = PBXNativeTarget;
			buildConfigurationList = AE51D60C2521AE380081804C /* Build configuration list for PBXNativeTarget "todoList" */;
			buildPhases = (
				AE51D5F42521AE2F0081804C /* Sources */,
				AE51D5F52521AE2F0081804C /* Frameworks */,
				AE51D5F62521AE2F0081804C /* Resources */,
			);
			buildRules = (
			);
			dependencies = (
			);
			name = todoList;
			packageProductDependencies = (
				AE987C692528A2DD00AE2F60 /* Realm */,
				AE987C6B2528A2DD00AE2F60 /* RealmSwift */,
			);
			productName = todoList;
			productReference = AE51D5F82521AE2F0081804C /* todoList.app */;
			productType = "com.apple.product-type.application";
		};
/* End PBXNativeTarget section */

/* Begin PBXProject section */
		AE51D5F02521AE2F0081804C /* Project object */ = {
			isa = PBXProject;
			attributes = {
				LastSwiftUpdateCheck = 1140;
				LastUpgradeCheck = 1140;
				ORGANIZATIONNAME = "esaki yuKki";
				TargetAttributes = {
					AE51D5F72521AE2F0081804C = {
						CreatedOnToolsVersion = 11.4.1;
					};
				};
			};
			buildConfigurationList = AE51D5F32521AE2F0081804C /* Build configuration list for PBXProject "todoList" */;
			compatibilityVersion = "Xcode 9.3";
			developmentRegion = en;
			hasScannedForEncodings = 0;
			knownRegions = (
				en,
				Base,
			);
			mainGroup = AE51D5EF2521AE2F0081804C;
			packageReferences = (
				AE987C682528A2DD00AE2F60 /* XCRemoteSwiftPackageReference "realm-cocoa" */,
			);
			productRefGroup = AE51D5F92521AE2F0081804C /* Products */;
			projectDirPath = "";
			projectRoot = "";
			targets = (
				AE51D5F72521AE2F0081804C /* todoList */,
			);
		};
/* End PBXProject section */

/* Begin PBXResourcesBuildPhase section */
		AE51D5F62521AE2F0081804C /* Resources */ = {
			isa = PBXResourcesBuildPhase;
			buildActionMask = 2147483647;
			files = (
				AE51D6082521AE380081804C /* LaunchScreen.storyboard in Resources */,
				AE51D6052521AE380081804C /* Assets.xcassets in Resources */,
				AE13B0452534EDEB00B0986F /* haikei.png in Resources */,
				AE13B0412534CDC000B0986F /* logotypejp_mp_b_1.1.ttf in Resources */,
				AE51D6032521AE300081804C /* Main.storyboard in Resources */,
			);
			runOnlyForDeploymentPostprocessing = 0;
		};
/* End PBXResourcesBuildPhase section */

/* Begin PBXSourcesBuildPhase section */
		AE51D5F42521AE2F0081804C /* Sources */ = {
			isa = PBXSourcesBuildPhase;
			buildActionMask = 2147483647;
			files = (
				AE51D6002521AE2F0081804C /* ViewController.swift in Sources */,
				AE51D6102521AF080081804C /* ListTableViewCell.swift in Sources */,
				AE49B1612534A33A00F5C2C9 /* CheckBox.swift in Sources */,
				AE51D6142521BD550081804C /* AddViewController.swift in Sources */,
				AE51D5FC2521AE2F0081804C /* AppDelegate.swift in Sources */,
				AE51D6122521AF440081804C /* ListTableViewController.swift in Sources */,
				AE987C672526E21000AE2F60 /* File.swift in Sources */,
				AE51D6162521C3690081804C /* ScheduleViewController.swift in Sources */,
				AE51D5FE2521AE2F0081804C /* SceneDelegate.swift in Sources */,
			);
			runOnlyForDeploymentPostprocessing = 0;
		};
/* End PBXSourcesBuildPhase section */

/* Begin PBXVariantGroup section */
		AE51D6012521AE2F0081804C /* Main.storyboard */ = {
			isa = PBXVariantGroup;
			children = (
				AE51D6022521AE2F0081804C /* Base */,
			);
			name = Main.storyboard;
			sourceTree = "<group>";
		};
		AE51D6062521AE380081804C /* LaunchScreen.storyboard */ = {
			isa = PBXVariantGroup;
			children = (
				AE51D6072521AE380081804C /* Base */,
			);
			name = LaunchScreen.storyboard;
			sourceTree = "<group>";
		};
/* End PBXVariantGroup section */

/* Begin XCBuildConfiguration section */
		AE51D60A2521AE380081804C /* Debug */ = {
			isa = XCBuildConfiguration;
			buildSettings = {
				ALWAYS_SEARCH_USER_PATHS = NO;
				CLANG_ANALYZER_NONNULL = YES;
				CLANG_ANALYZER_NUMBER_OBJECT_CONVERSION = YES_AGGRESSIVE;
				CLANG_CXX_LANGUAGE_STANDARD = "gnu++14";
				CLANG_CXX_LIBRARY = "libc++";
				CLANG_ENABLE_MODULES = YES;
				CLANG_ENABLE_OBJC_ARC = YES;
				CLANG_ENABLE_OBJC_WEAK = YES;
				CLANG_WARN_BLOCK_CAPTURE_AUTORELEASING = YES;
				CLANG_WARN_BOOL_CONVERSION = YES;
				CLANG_WARN_COMMA = YES;
				CLANG_WARN_CONSTANT_CONVERSION = YES;
				CLANG_WARN_DEPRECATED_OBJC_IMPLEMENTATIONS = YES;
				CLANG_WARN_DIRECT_OBJC_ISA_USAGE = YES_ERROR;
				CLANG_WARN_DOCUMENTATION_COMMENTS = YES;
				CLANG_WARN_EMPTY_BODY = YES;
				CLANG_WARN_ENUM_CONVERSION = YES;
				CLANG_WARN_INFINITE_RECURSION = YES;
				CLANG_WARN_INT_CONVERSION = YES;
				CLANG_WARN_NON_LITERAL_NULL_CONVERSION = YES;
				CLANG_WARN_OBJC_IMPLICIT_RETAIN_SELF = YES;
				CLANG_WARN_OBJC_LITERAL_CONVERSION = YES;
				CLANG_WARN_OBJC_ROOT_CLASS = YES_ERROR;
				CLANG_WARN_RANGE_LOOP_ANALYSIS = YES;
				CLANG_WARN_STRICT_PROTOTYPES = YES;
				CLANG_WARN_SUSPICIOUS_MOVE = YES;
				CLANG_WARN_UNGUARDED_AVAILABILITY = YES_AGGRESSIVE;
				CLANG_WARN_UNREACHABLE_CODE = YES;
				CLANG_WARN__DUPLICATE_METHOD_MATCH = YES;
				COPY_PHASE_STRIP = NO;
				DEBUG_INFORMATION_FORMAT = dwarf;
				ENABLE_STRICT_OBJC_MSGSEND = YES;
				ENABLE_TESTABILITY = YES;
				GCC_C_LANGUAGE_STANDARD = gnu11;
				GCC_DYNAMIC_NO_PIC = NO;
				GCC_NO_COMMON_BLOCKS = YES;
				GCC_OPTIMIZATION_LEVEL = 0;
				GCC_PREPROCESSOR_DEFINITIONS = (
					"DEBUG=1",
					"$(inherited)",
				);
				GCC_WARN_64_TO_32_BIT_CONVERSION = YES;
				GCC_WARN_ABOUT_RETURN_TYPE = YES_ERROR;
				GCC_WARN_UNDECLARED_SELECTOR = YES;
				GCC_WARN_UNINITIALIZED_AUTOS = YES_AGGRESSIVE;
				GCC_WARN_UNUSED_FUNCTION = YES;
				GCC_WARN_UNUSED_VARIABLE = YES;
				IPHONEOS_DEPLOYMENT_TARGET = 13.4;
				MTL_ENABLE_DEBUG_INFO = INCLUDE_SOURCE;
				MTL_FAST_MATH = YES;
				ONLY_ACTIVE_ARCH = YES;
				SDKROOT = iphoneos;
				SWIFT_ACTIVE_COMPILATION_CONDITIONS = DEBUG;
				SWIFT_OPTIMIZATION_LEVEL = "-Onone";
			};
			name = Debug;
		};
		AE51D60B2521AE380081804C /* Release */ = {
			isa = XCBuildConfiguration;
			buildSettings = {
				ALWAYS_SEARCH_USER_PATHS = NO;
				CLANG_ANALYZER_NONNULL = YES;
				CLANG_ANALYZER_NUMBER_OBJECT_CONVERSION = YES_AGGRESSIVE;
				CLANG_CXX_LANGUAGE_STANDARD = "gnu++14";
				CLANG_CXX_LIBRARY = "libc++";
				CLANG_ENABLE_MODULES = YES;
				CLANG_ENABLE_OBJC_ARC = YES;
				CLANG_ENABLE_OBJC_WEAK = YES;
				CLANG_WARN_BLOCK_CAPTURE_AUTORELEASING = YES;
				CLANG_WARN_BOOL_CONVERSION = YES;
				CLANG_WARN_COMMA = YES;
				CLANG_WARN_CONSTANT_CONVERSION = YES;
				CLANG_WARN_DEPRECATED_OBJC_IMPLEMENTATIONS = YES;
				CLANG_WARN_DIRECT_OBJC_ISA_USAGE = YES_ERROR;
				CLANG_WARN_DOCUMENTATION_COMMENTS = YES;
				CLANG_WARN_EMPTY_BODY = YES;
				CLANG_WARN_ENUM_CONVERSION = YES;
				CLANG_WARN_INFINITE_RECURSION = YES;
				CLANG_WARN_INT_CONVERSION = YES;
				CLANG_WARN_NON_LITERAL_NULL_CONVERSION = YES;
				CLANG_WARN_OBJC_IMPLICIT_RETAIN_SELF = YES;
				CLANG_WARN_OBJC_LITERAL_CONVERSION = YES;
				CLANG_WARN_OBJC_ROOT_CLASS = YES_ERROR;
				CLANG_WARN_RANGE_LOOP_ANALYSIS = YES;
				CLANG_WARN_STRICT_PROTOTYPES = YES;
				CLANG_WARN_SUSPICIOUS_MOVE = YES;
				CLANG_WARN_UNGUARDED_AVAILABILITY = YES_AGGRESSIVE;
				CLANG_WARN_UNREACHABLE_CODE = YES;
				CLANG_WARN__DUPLICATE_METHOD_MATCH = YES;
				COPY_PHASE_STRIP = NO;
				DEBUG_INFORMATION_FORMAT = "dwarf-with-dsym";
				ENABLE_NS_ASSERTIONS = NO;
				ENABLE_STRICT_OBJC_MSGSEND = YES;
				GCC_C_LANGUAGE_STANDARD = gnu11;
				GCC_NO_COMMON_BLOCKS = YES;
				GCC_WARN_64_TO_32_BIT_CONVERSION = YES;
				GCC_WARN_ABOUT_RETURN_TYPE = YES_ERROR;
				GCC_WARN_UNDECLARED_SELECTOR = YES;
				GCC_WARN_UNINITIALIZED_AUTOS = YES_AGGRESSIVE;
				GCC_WARN_UNUSED_FUNCTION = YES;
				GCC_WARN_UNUSED_VARIABLE = YES;
				IPHONEOS_DEPLOYMENT_TARGET = 13.4;
				MTL_ENABLE_DEBUG_INFO = NO;
				MTL_FAST_MATH = YES;
				SDKROOT = iphoneos;
				SWIFT_COMPILATION_MODE = wholemodule;
				SWIFT_OPTIMIZATION_LEVEL = "-O";
				VALIDATE_PRODUCT = YES;
			};
			name = Release;
		};
		AE51D60D2521AE380081804C /* Debug */ = {
			isa = XCBuildConfiguration;
			buildSettings = {
				ASSETCATALOG_COMPILER_APPICON_NAME = AppIcon;
				CODE_SIGN_STYLE = Automatic;
				INFOPLIST_FILE = todoList/Info.plist;
				LD_RUNPATH_SEARCH_PATHS = (
					"$(inherited)",
					"@executable_path/Frameworks",
				);
				PRODUCT_BUNDLE_IDENTIFIER = app.esaki.yukki.todoList;
				PRODUCT_NAME = "$(TARGET_NAME)";
				SWIFT_VERSION = 5.0;
				TARGETED_DEVICE_FAMILY = "1,2";
			};
			name = Debug;
		};
		AE51D60E2521AE380081804C /* Release */ = {
			isa = XCBuildConfiguration;
			buildSettings = {
				ASSETCATALOG_COMPILER_APPICON_NAME = AppIcon;
				CODE_SIGN_STYLE = Automatic;
				INFOPLIST_FILE = todoList/Info.plist;
				LD_RUNPATH_SEARCH_PATHS = (
					"$(inherited)",
					"@executable_path/Frameworks",
				);
				PRODUCT_BUNDLE_IDENTIFIER = app.esaki.yukki.todoList;
				PRODUCT_NAME = "$(TARGET_NAME)";
				SWIFT_VERSION = 5.0;
				TARGETED_DEVICE_FAMILY = "1,2";
			};
			name = Release;
		};
/* End XCBuildConfiguration section */

/* Begin XCConfigurationList section */
		AE51D5F32521AE2F0081804C /* Build configuration list for PBXProject "todoList" */ = {
			isa = XCConfigurationList;
			buildConfigurations = (
				AE51D60A2521AE380081804C /* Debug */,
				AE51D60B2521AE380081804C /* Release */,
			);
			defaultConfigurationIsVisible = 0;
			defaultConfigurationName = Release;
		};
		AE51D60C2521AE380081804C /* Build configuration list for PBXNativeTarget "todoList" */ = {
			isa = XCConfigurationList;
			buildConfigurations = (
				AE51D60D2521AE380081804C /* Debug */,
				AE51D60E2521AE380081804C /* Release */,
			);
			defaultConfigurationIsVisible = 0;
			defaultConfigurationName = Release;
		};
/* End XCConfigurationList section */

/* Begin XCRemoteSwiftPackageReference section */
		AE987C682528A2DD00AE2F60 /* XCRemoteSwiftPackageReference "realm-cocoa" */ = {
			isa = XCRemoteSwiftPackageReference;
			repositoryURL = "https://github.com/realm/realm-cocoa";
			requirement = {
				kind = upToNextMajorVersion;
				minimumVersion = 5.4.7;
			};
		};
/* End XCRemoteSwiftPackageReference section */

/* Begin XCSwiftPackageProductDependency section */
		AE987C692528A2DD00AE2F60 /* Realm */ = {
			isa = XCSwiftPackageProductDependency;
			package = AE987C682528A2DD00AE2F60 /* XCRemoteSwiftPackageReference "realm-cocoa" */;
			productName = Realm;
		};
		AE987C6B2528A2DD00AE2F60 /* RealmSwift */ = {
			isa = XCSwiftPackageProductDependency;
			package = AE987C682528A2DD00AE2F60 /* XCRemoteSwiftPackageReference "realm-cocoa" */;
			productName = RealmSwift;
		};
/* End XCSwiftPackageProductDependency section */
	};
	rootObject = AE51D5F02521AE2F0081804C /* Project object */;
}
